// !$*UTF8*$!
{
	archiveVersion = 1;
	classes = {
	};
	objectVersion = 46;
	objects = {

/* Begin PBXBuildFile section */
		3209095F1FE2092F0076EEF2 /* AsyncViewController.swift in Sources */ = {isa = PBXBuildFile; fileRef = 3209095E1FE2092F0076EEF2 /* AsyncViewController.swift */; };
		325484A11E2C5E9100043725 /* kvoBlickedVC.swift in Sources */ = {isa = PBXBuildFile; fileRef = 325484A01E2C5E9100043725 /* kvoBlickedVC.swift */; };
		325484A31E2F435900043725 /* kvcPer.swift in Sources */ = {isa = PBXBuildFile; fileRef = 325484A21E2F435900043725 /* kvcPer.swift */; };
		325484A61E2F499700043725 /* functionVC.swift in Sources */ = {isa = PBXBuildFile; fileRef = 325484A51E2F499700043725 /* functionVC.swift */; };
		325484AD1E2F4CE600043725 /* UIVC.swift in Sources */ = {isa = PBXBuildFile; fileRef = 325484AC1E2F4CE600043725 /* UIVC.swift */; };
		325484AF1E2F545900043725 /* LBVC.swift in Sources */ = {isa = PBXBuildFile; fileRef = 325484AE1E2F545900043725 /* LBVC.swift */; };
		325484B11E2F5D7F00043725 /* 通用图标.jpg in Resources */ = {isa = PBXBuildFile; fileRef = 325484B01E2F5D7F00043725 /* 通用图标.jpg */; };
		325484B31E2F5DA800043725 /* ImageVC.swift in Sources */ = {isa = PBXBuildFile; fileRef = 325484B21E2F5DA800043725 /* ImageVC.swift */; };
		325484B51E2F5F4100043725 /* scrollVC.swift in Sources */ = {isa = PBXBuildFile; fileRef = 325484B41E2F5F4100043725 /* scrollVC.swift */; };
		325484B71E30558A00043725 /* tableviewVC.swift in Sources */ = {isa = PBXBuildFile; fileRef = 325484B61E30558A00043725 /* tableviewVC.swift */; };
		325484BA1E305B4700043725 /* Cell01.swift in Sources */ = {isa = PBXBuildFile; fileRef = 325484B91E305B4700043725 /* Cell01.swift */; };
		326A089622FC0F8E00305055 /* VideoController.swift in Sources */ = {isa = PBXBuildFile; fileRef = 326A089522FC0F8E00305055 /* VideoController.swift */; };
		326A089822FC200A00305055 /* test.mp4 in Resources */ = {isa = PBXBuildFile; fileRef = 326A089722FC200900305055 /* test.mp4 */; };
		328551B71F5501D200D48E86 /* CollectionviewController.swift in Sources */ = {isa = PBXBuildFile; fileRef = 328551B61F5501D200D48E86 /* CollectionviewController.swift */; };
		328551BA1F5502CE00D48E86 /* collectionLayout.swift in Sources */ = {isa = PBXBuildFile; fileRef = 328551B91F5502CE00D48E86 /* collectionLayout.swift */; };
		328551BC1F5506D700D48E86 /* CollectionViewCell.swift in Sources */ = {isa = PBXBuildFile; fileRef = 328551BB1F5506D700D48E86 /* CollectionViewCell.swift */; };
		328551BF1F55380B00D48E86 /* emController.swift in Sources */ = {isa = PBXBuildFile; fileRef = 328551BE1F55380B00D48E86 /* emController.swift */; };
		328551C11F5686DC00D48E86 /* TabBarController.swift in Sources */ = {isa = PBXBuildFile; fileRef = 328551C01F5686DC00D48E86 /* TabBarController.swift */; };
		328551C31F56874200D48E86 /* ViewController02.swift in Sources */ = {isa = PBXBuildFile; fileRef = 328551C21F56874200D48E86 /* ViewController02.swift */; };
		32A971681E13A70D006D1E51 /* calculationsVC.swift in Sources */ = {isa = PBXBuildFile; fileRef = 32A971671E13A70D006D1E51 /* calculationsVC.swift */; };
		32A9716B1E13C150006D1E51 /* BlockVC.swift in Sources */ = {isa = PBXBuildFile; fileRef = 32A9716A1E13C150006D1E51 /* BlockVC.swift */; };
		32A9716E1E14B098006D1E51 /* ProNotifiVC.swift in Sources */ = {isa = PBXBuildFile; fileRef = 32A9716D1E14B098006D1E51 /* ProNotifiVC.swift */; };
		32AF98CF1E135A0F00602DF6 /* AppDelegate.swift in Sources */ = {isa = PBXBuildFile; fileRef = 32AF98CE1E135A0F00602DF6 /* AppDelegate.swift */; };
		32AF98D11E135A0F00602DF6 /* ViewController.swift in Sources */ = {isa = PBXBuildFile; fileRef = 32AF98D01E135A0F00602DF6 /* ViewController.swift */; };
		32AF98D41E135A0F00602DF6 /* Main.storyboard in Resources */ = {isa = PBXBuildFile; fileRef = 32AF98D21E135A0F00602DF6 /* Main.storyboard */; };
		32AF98D61E135A0F00602DF6 /* Assets.xcassets in Resources */ = {isa = PBXBuildFile; fileRef = 32AF98D51E135A0F00602DF6 /* Assets.xcassets */; };
		32AF98D91E135A0F00602DF6 /* LaunchScreen.storyboard in Resources */ = {isa = PBXBuildFile; fileRef = 32AF98D71E135A0F00602DF6 /* LaunchScreen.storyboard */; };
		32AF98E21E135A9500602DF6 /* BaseVc.swift in Sources */ = {isa = PBXBuildFile; fileRef = 32AF98E11E135A9500602DF6 /* BaseVc.swift */; };
		32C4847E216D899900362840 /* CoreDataController.swift in Sources */ = {isa = PBXBuildFile; fileRef = 32C4847D216D899900362840 /* CoreDataController.swift */; };
		32C48482216D8A9500362840 /* SwiftCoreDataModel.xcdatamodeld in Sources */ = {isa = PBXBuildFile; fileRef = 32C48480216D8A9400362840 /* SwiftCoreDataModel.xcdatamodeld */; };
		32C48485216D8E5700362840 /* CoredataTest+CoreDataClass.swift in Sources */ = {isa = PBXBuildFile; fileRef = 32C48483216D8E5700362840 /* CoredataTest+CoreDataClass.swift */; };
		32C48486216D8E5700362840 /* CoredataTest+CoreDataProperties.swift in Sources */ = {isa = PBXBuildFile; fileRef = 32C48484216D8E5700362840 /* CoredataTest+CoreDataProperties.swift */; };
		32C48488216D8F2800362840 /* CoredataManager.swift in Sources */ = {isa = PBXBuildFile; fileRef = 32C48487216D8F2800362840 /* CoredataManager.swift */; };
		32C679A51FBD84D200A99FF0 /* HttpViewController.swift in Sources */ = {isa = PBXBuildFile; fileRef = 32C679A41FBD84D200A99FF0 /* HttpViewController.swift */; };
		32C679A81FBD85CD00A99FF0 /* HttpManager.swift in Sources */ = {isa = PBXBuildFile; fileRef = 32C679A71FBD85CD00A99FF0 /* HttpManager.swift */; };
		32C679AA1FBEC84100A99FF0 /* Params.swift in Sources */ = {isa = PBXBuildFile; fileRef = 32C679A91FBEC84100A99FF0 /* Params.swift */; };
		32C679AD1FC2692B00A99FF0 /* NSContainerViewController.swift in Sources */ = {isa = PBXBuildFile; fileRef = 32C679AC1FC2692B00A99FF0 /* NSContainerViewController.swift */; };
		32CD92D02005F586009B93EA /* AutoLayoutController.swift in Sources */ = {isa = PBXBuildFile; fileRef = 32CD92CF2005F586009B93EA /* AutoLayoutController.swift */; };
		32CDA47E1FD62CC500BC1A08 /* BaseMapViewController.swift in Sources */ = {isa = PBXBuildFile; fileRef = 32CDA47D1FD62CC500BC1A08 /* BaseMapViewController.swift */; };
		32E19CE91E15127700B77504 /* FoWhileVC.swift in Sources */ = {isa = PBXBuildFile; fileRef = 32E19CE81E15127700B77504 /* FoWhileVC.swift */; };
		84632F4E07E939418BCD51A0 /* Pods_SwiftStudy.framework in Frameworks */ = {isa = PBXBuildFile; fileRef = 5A57A555ECA0E844E4362E3D /* Pods_SwiftStudy.framework */; };
/* End PBXBuildFile section */

/* Begin PBXFileReference section */
		2FA66344CC4E5172EC316478 /* Pods-SwiftStudy.debug.xcconfig */ = {isa = PBXFileReference; includeInIndex = 1; lastKnownFileType = text.xcconfig; name = "Pods-SwiftStudy.debug.xcconfig"; path = "Pods/Target Support Files/Pods-SwiftStudy/Pods-SwiftStudy.debug.xcconfig"; sourceTree = "<group>"; };
		3209095E1FE2092F0076EEF2 /* AsyncViewController.swift */ = {isa = PBXFileReference; lastKnownFileType = sourcecode.swift; path = AsyncViewController.swift; sourceTree = "<group>"; };
		325484A01E2C5E9100043725 /* kvoBlickedVC.swift */ = {isa = PBXFileReference; fileEncoding = 4; lastKnownFileType = sourcecode.swift; path = kvoBlickedVC.swift; sourceTree = "<group>"; };
		325484A21E2F435900043725 /* kvcPer.swift */ = {isa = PBXFileReference; fileEncoding = 4; lastKnownFileType = sourcecode.swift; path = kvcPer.swift; sourceTree = "<group>"; };
		325484A51E2F499700043725 /* functionVC.swift */ = {isa = PBXFileReference; fileEncoding = 4; lastKnownFileType = sourcecode.swift; path = functionVC.swift; sourceTree = "<group>"; };
		325484AC1E2F4CE600043725 /* UIVC.swift */ = {isa = PBXFileReference; fileEncoding = 4; lastKnownFileType = sourcecode.swift; path = UIVC.swift; sourceTree = "<group>"; };
		325484AE1E2F545900043725 /* LBVC.swift */ = {isa = PBXFileReference; fileEncoding = 4; lastKnownFileType = sourcecode.swift; path = LBVC.swift; sourceTree = "<group>"; };
		325484B01E2F5D7F00043725 /* 通用图标.jpg */ = {isa = PBXFileReference; lastKnownFileType = image.jpeg; path = "通用图标.jpg"; sourceTree = "<group>"; };
		325484B21E2F5DA800043725 /* ImageVC.swift */ = {isa = PBXFileReference; fileEncoding = 4; lastKnownFileType = sourcecode.swift; path = ImageVC.swift; sourceTree = "<group>"; };
		325484B41E2F5F4100043725 /* scrollVC.swift */ = {isa = PBXFileReference; fileEncoding = 4; lastKnownFileType = sourcecode.swift; path = scrollVC.swift; sourceTree = "<group>"; };
		325484B61E30558A00043725 /* tableviewVC.swift */ = {isa = PBXFileReference; fileEncoding = 4; lastKnownFileType = sourcecode.swift; path = tableviewVC.swift; sourceTree = "<group>"; };
		325484B91E305B4700043725 /* Cell01.swift */ = {isa = PBXFileReference; fileEncoding = 4; lastKnownFileType = sourcecode.swift; path = Cell01.swift; sourceTree = "<group>"; };
		326A089522FC0F8E00305055 /* VideoController.swift */ = {isa = PBXFileReference; lastKnownFileType = sourcecode.swift; path = VideoController.swift; sourceTree = "<group>"; };
		326A089722FC200900305055 /* test.mp4 */ = {isa = PBXFileReference; lastKnownFileType = file; path = test.mp4; sourceTree = "<group>"; };
		328551B61F5501D200D48E86 /* CollectionviewController.swift */ = {isa = PBXFileReference; fileEncoding = 4; lastKnownFileType = sourcecode.swift; path = CollectionviewController.swift; sourceTree = "<group>"; };
		328551B91F5502CE00D48E86 /* collectionLayout.swift */ = {isa = PBXFileReference; fileEncoding = 4; lastKnownFileType = sourcecode.swift; path = collectionLayout.swift; sourceTree = "<group>"; };
		328551BB1F5506D700D48E86 /* CollectionViewCell.swift */ = {isa = PBXFileReference; fileEncoding = 4; lastKnownFileType = sourcecode.swift; path = CollectionViewCell.swift; sourceTree = "<group>"; };
		328551BE1F55380B00D48E86 /* emController.swift */ = {isa = PBXFileReference; fileEncoding = 4; lastKnownFileType = sourcecode.swift; path = emController.swift; sourceTree = "<group>"; };
		328551C01F5686DC00D48E86 /* TabBarController.swift */ = {isa = PBXFileReference; fileEncoding = 4; lastKnownFileType = sourcecode.swift; path = TabBarController.swift; sourceTree = "<group>"; };
		328551C21F56874200D48E86 /* ViewController02.swift */ = {isa = PBXFileReference; fileEncoding = 4; lastKnownFileType = sourcecode.swift; path = ViewController02.swift; sourceTree = "<group>"; };
		32A971671E13A70D006D1E51 /* calculationsVC.swift */ = {isa = PBXFileReference; fileEncoding = 4; lastKnownFileType = sourcecode.swift; path = calculationsVC.swift; sourceTree = "<group>"; };
		32A9716A1E13C150006D1E51 /* BlockVC.swift */ = {isa = PBXFileReference; fileEncoding = 4; lastKnownFileType = sourcecode.swift; path = BlockVC.swift; sourceTree = "<group>"; };
		32A9716D1E14B098006D1E51 /* ProNotifiVC.swift */ = {isa = PBXFileReference; fileEncoding = 4; lastKnownFileType = sourcecode.swift; path = ProNotifiVC.swift; sourceTree = "<group>"; };
		32AF98CB1E135A0F00602DF6 /* SwiftStudy.app */ = {isa = PBXFileReference; explicitFileType = wrapper.application; includeInIndex = 0; path = SwiftStudy.app; sourceTree = BUILT_PRODUCTS_DIR; };
		32AF98CE1E135A0F00602DF6 /* AppDelegate.swift */ = {isa = PBXFileReference; lastKnownFileType = sourcecode.swift; path = AppDelegate.swift; sourceTree = "<group>"; };
		32AF98D01E135A0F00602DF6 /* ViewController.swift */ = {isa = PBXFileReference; lastKnownFileType = sourcecode.swift; path = ViewController.swift; sourceTree = "<group>"; };
		32AF98D31E135A0F00602DF6 /* Base */ = {isa = PBXFileReference; lastKnownFileType = file.storyboard; name = Base; path = Base.lproj/Main.storyboard; sourceTree = "<group>"; };
		32AF98D51E135A0F00602DF6 /* Assets.xcassets */ = {isa = PBXFileReference; lastKnownFileType = folder.assetcatalog; path = Assets.xcassets; sourceTree = "<group>"; };
		32AF98D81E135A0F00602DF6 /* Base */ = {isa = PBXFileReference; lastKnownFileType = file.storyboard; name = Base; path = Base.lproj/LaunchScreen.storyboard; sourceTree = "<group>"; };
		32AF98DA1E135A0F00602DF6 /* Info.plist */ = {isa = PBXFileReference; lastKnownFileType = text.plist.xml; path = Info.plist; sourceTree = "<group>"; };
		32AF98E11E135A9500602DF6 /* BaseVc.swift */ = {isa = PBXFileReference; fileEncoding = 4; lastKnownFileType = sourcecode.swift; path = BaseVc.swift; sourceTree = "<group>"; };
		32C4847D216D899900362840 /* CoreDataController.swift */ = {isa = PBXFileReference; lastKnownFileType = sourcecode.swift; path = CoreDataController.swift; sourceTree = "<group>"; };
		32C48481216D8A9400362840 /* SwiftCoreDataModel.xcdatamodel */ = {isa = PBXFileReference; lastKnownFileType = wrapper.xcdatamodel; path = SwiftCoreDataModel.xcdatamodel; sourceTree = "<group>"; };
		32C48483216D8E5700362840 /* CoredataTest+CoreDataClass.swift */ = {isa = PBXFileReference; lastKnownFileType = sourcecode.swift; path = "CoredataTest+CoreDataClass.swift"; sourceTree = "<group>"; };
		32C48484216D8E5700362840 /* CoredataTest+CoreDataProperties.swift */ = {isa = PBXFileReference; lastKnownFileType = sourcecode.swift; path = "CoredataTest+CoreDataProperties.swift"; sourceTree = "<group>"; };
		32C48487216D8F2800362840 /* CoredataManager.swift */ = {isa = PBXFileReference; lastKnownFileType = sourcecode.swift; path = CoredataManager.swift; sourceTree = "<group>"; };
		32C679A41FBD84D200A99FF0 /* HttpViewController.swift */ = {isa = PBXFileReference; lastKnownFileType = sourcecode.swift; path = HttpViewController.swift; sourceTree = "<group>"; };
		32C679A71FBD85CD00A99FF0 /* HttpManager.swift */ = {isa = PBXFileReference; lastKnownFileType = sourcecode.swift; path = HttpManager.swift; sourceTree = "<group>"; };
		32C679A91FBEC84100A99FF0 /* Params.swift */ = {isa = PBXFileReference; lastKnownFileType = sourcecode.swift; path = Params.swift; sourceTree = "<group>"; };
		32C679AC1FC2692B00A99FF0 /* NSContainerViewController.swift */ = {isa = PBXFileReference; lastKnownFileType = sourcecode.swift; path = NSContainerViewController.swift; sourceTree = "<group>"; };
		32CD92CF2005F586009B93EA /* AutoLayoutController.swift */ = {isa = PBXFileReference; lastKnownFileType = sourcecode.swift; path = AutoLayoutController.swift; sourceTree = "<group>"; };
		32CDA47D1FD62CC500BC1A08 /* BaseMapViewController.swift */ = {isa = PBXFileReference; lastKnownFileType = sourcecode.swift; path = BaseMapViewController.swift; sourceTree = "<group>"; };
		32E19CE81E15127700B77504 /* FoWhileVC.swift */ = {isa = PBXFileReference; fileEncoding = 4; lastKnownFileType = sourcecode.swift; path = FoWhileVC.swift; sourceTree = "<group>"; };
		5A57A555ECA0E844E4362E3D /* Pods_SwiftStudy.framework */ = {isa = PBXFileReference; explicitFileType = wrapper.framework; includeInIndex = 0; path = Pods_SwiftStudy.framework; sourceTree = BUILT_PRODUCTS_DIR; };
		A0BEA5711B01AAD5A066B557 /* Pods-SwiftStudy.release.xcconfig */ = {isa = PBXFileReference; includeInIndex = 1; lastKnownFileType = text.xcconfig; name = "Pods-SwiftStudy.release.xcconfig"; path = "Pods/Target Support Files/Pods-SwiftStudy/Pods-SwiftStudy.release.xcconfig"; sourceTree = "<group>"; };
/* End PBXFileReference section */

/* Begin PBXFrameworksBuildPhase section */
		32AF98C81E135A0F00602DF6 /* Frameworks */ = {
			isa = PBXFrameworksBuildPhase;
			buildActionMask = 2147483647;
			files = (
				84632F4E07E939418BCD51A0 /* Pods_SwiftStudy.framework in Frameworks */,
			);
			runOnlyForDeploymentPostprocessing = 0;
		};
/* End PBXFrameworksBuildPhase section */

/* Begin PBXGroup section */
		25BA98A34CF4DBF25643A8A8 /* Frameworks */ = {
			isa = PBXGroup;
			children = (
				5A57A555ECA0E844E4362E3D /* Pods_SwiftStudy.framework */,
			);
			name = Frameworks;
			sourceTree = "<group>";
		};
		3209095D1FE206540076EEF2 /* 多线程 */ = {
			isa = PBXGroup;
			children = (
				3209095E1FE2092F0076EEF2 /* AsyncViewController.swift */,
			);
			path = "多线程";
			sourceTree = "<group>";
		};
		3254849F1E2C5E0B00043725 /* 监听与响应 */ = {
			isa = PBXGroup;
			children = (
				325484A01E2C5E9100043725 /* kvoBlickedVC.swift */,
				325484A21E2F435900043725 /* kvcPer.swift */,
			);
			path = "监听与响应";
			sourceTree = "<group>";
		};
		325484A41E2F497500043725 /* 函数 */ = {
			isa = PBXGroup;
			children = (
				325484A51E2F499700043725 /* functionVC.swift */,
			);
			path = "函数";
			sourceTree = "<group>";
		};
		325484A71E2F4C3400043725 /* UI */ = {
			isa = PBXGroup;
			children = (
				325484A81E2F4CAF00043725 /* LableAndButton */,
				325484A91E2F4CAF00043725 /* Scrollview */,
				325484AA1E2F4CAF00043725 /* tableview */,
				325484AB1E2F4CAF00043725 /* UIimageview */,
				328551B51F5501AC00D48E86 /* Collectionview */,
				325484AC1E2F4CE600043725 /* UIVC.swift */,
			);
			path = UI;
			sourceTree = "<group>";
		};
		325484A81E2F4CAF00043725 /* LableAndButton */ = {
			isa = PBXGroup;
			children = (
				325484AE1E2F545900043725 /* LBVC.swift */,
			);
			path = LableAndButton;
			sourceTree = "<group>";
		};
		325484A91E2F4CAF00043725 /* Scrollview */ = {
			isa = PBXGroup;
			children = (
				325484B41E2F5F4100043725 /* scrollVC.swift */,
			);
			path = Scrollview;
			sourceTree = "<group>";
		};
		325484AA1E2F4CAF00043725 /* tableview */ = {
			isa = PBXGroup;
			children = (
				325484B81E3055A000043725 /* view */,
				325484B61E30558A00043725 /* tableviewVC.swift */,
			);
			path = tableview;
			sourceTree = "<group>";
		};
		325484AB1E2F4CAF00043725 /* UIimageview */ = {
			isa = PBXGroup;
			children = (
				325484B21E2F5DA800043725 /* ImageVC.swift */,
			);
			path = UIimageview;
			sourceTree = "<group>";
		};
		325484B81E3055A000043725 /* view */ = {
			isa = PBXGroup;
			children = (
				325484B91E305B4700043725 /* Cell01.swift */,
			);
			path = view;
			sourceTree = "<group>";
		};
		326A089422FC0F6800305055 /* 视频 */ = {
			isa = PBXGroup;
			children = (
				326A089722FC200900305055 /* test.mp4 */,
				326A089522FC0F8E00305055 /* VideoController.swift */,
			);
			path = "视频";
			sourceTree = "<group>";
		};
		328551B51F5501AC00D48E86 /* Collectionview */ = {
			isa = PBXGroup;
			children = (
				328551B81F55026E00D48E86 /* collectionLayer */,
				328551B61F5501D200D48E86 /* CollectionviewController.swift */,
				328551BB1F5506D700D48E86 /* CollectionViewCell.swift */,
			);
			path = Collectionview;
			sourceTree = "<group>";
		};
		328551B81F55026E00D48E86 /* collectionLayer */ = {
			isa = PBXGroup;
			children = (
				328551B91F5502CE00D48E86 /* collectionLayout.swift */,
			);
			path = collectionLayer;
			sourceTree = "<group>";
		};
		328551BD1F55373D00D48E86 /* 枚举 */ = {
			isa = PBXGroup;
			children = (
				328551BE1F55380B00D48E86 /* emController.swift */,
			);
			path = "枚举";
			sourceTree = "<group>";
		};
		32A971661E13A6C4006D1E51 /* 运算 */ = {
			isa = PBXGroup;
			children = (
				32A971671E13A70D006D1E51 /* calculationsVC.swift */,
			);
			path = "运算";
			sourceTree = "<group>";
		};
		32A971691E13C13F006D1E51 /* 闭包 */ = {
			isa = PBXGroup;
			children = (
				32A9716A1E13C150006D1E51 /* BlockVC.swift */,
			);
			path = "闭包";
			sourceTree = "<group>";
		};
		32A9716C1E14B033006D1E51 /* 协议与通知 */ = {
			isa = PBXGroup;
			children = (
				32A9716D1E14B098006D1E51 /* ProNotifiVC.swift */,
			);
			path = "协议与通知";
			sourceTree = "<group>";
		};
		32AF98C21E135A0F00602DF6 = {
			isa = PBXGroup;
			children = (
				32AF98CD1E135A0F00602DF6 /* SwiftStudy */,
				32AF98CC1E135A0F00602DF6 /* Products */,
				783CE1AB432E9904C4F46E1D /* Pods */,
				25BA98A34CF4DBF25643A8A8 /* Frameworks */,
			);
			sourceTree = "<group>";
		};
		32AF98CC1E135A0F00602DF6 /* Products */ = {
			isa = PBXGroup;
			children = (
				32AF98CB1E135A0F00602DF6 /* SwiftStudy.app */,
			);
			name = Products;
			sourceTree = "<group>";
		};
		32AF98CD1E135A0F00602DF6 /* SwiftStudy */ = {
			isa = PBXGroup;
			children = (
				326A089422FC0F6800305055 /* 视频 */,
				325484B01E2F5D7F00043725 /* 通用图标.jpg */,
				32C4847C216D897000362840 /* coreData */,
				32CD92CE2005F529009B93EA /* 自动布局 */,
				3209095D1FE206540076EEF2 /* 多线程 */,
				32CDA47A1FD62C7000BC1A08 /* 地图 */,
				32C679AB1FC268C100A99FF0 /* 容器类 */,
				32C679A31FBD84A900A99FF0 /* 网络 */,
				328551BD1F55373D00D48E86 /* 枚举 */,
				325484A71E2F4C3400043725 /* UI */,
				325484A41E2F497500043725 /* 函数 */,
				3254849F1E2C5E0B00043725 /* 监听与响应 */,
				32E19CE71E15124600B77504 /* 控制流 */,
				32A9716C1E14B033006D1E51 /* 协议与通知 */,
				32A971691E13C13F006D1E51 /* 闭包 */,
				32A971661E13A6C4006D1E51 /* 运算 */,
				32AF98E01E135A4E00602DF6 /* 基础 */,
				32AF98CE1E135A0F00602DF6 /* AppDelegate.swift */,
				32AF98D01E135A0F00602DF6 /* ViewController.swift */,
				328551C21F56874200D48E86 /* ViewController02.swift */,
				328551C01F5686DC00D48E86 /* TabBarController.swift */,
				32AF98D21E135A0F00602DF6 /* Main.storyboard */,
				32AF98D51E135A0F00602DF6 /* Assets.xcassets */,
				32AF98D71E135A0F00602DF6 /* LaunchScreen.storyboard */,
				32AF98DA1E135A0F00602DF6 /* Info.plist */,
			);
			path = SwiftStudy;
			sourceTree = "<group>";
		};
		32AF98E01E135A4E00602DF6 /* 基础 */ = {
			isa = PBXGroup;
			children = (
				32AF98E11E135A9500602DF6 /* BaseVc.swift */,
			);
			path = "基础";
			sourceTree = "<group>";
		};
		32C4847C216D897000362840 /* coreData */ = {
			isa = PBXGroup;
			children = (
				32C4847F216D89B200362840 /* coredataManager */,
				32C48483216D8E5700362840 /* CoredataTest+CoreDataClass.swift */,
				32C48484216D8E5700362840 /* CoredataTest+CoreDataProperties.swift */,
				32C4847D216D899900362840 /* CoreDataController.swift */,
				32C48480216D8A9400362840 /* SwiftCoreDataModel.xcdatamodeld */,
			);
			path = coreData;
			sourceTree = "<group>";
		};
		32C4847F216D89B200362840 /* coredataManager */ = {
			isa = PBXGroup;
			children = (
				32C48487216D8F2800362840 /* CoredataManager.swift */,
			);
			path = coredataManager;
			sourceTree = "<group>";
		};
		32C679A31FBD84A900A99FF0 /* 网络 */ = {
			isa = PBXGroup;
			children = (
				32C679A61FBD84ED00A99FF0 /* HttpTools */,
				32C679A41FBD84D200A99FF0 /* HttpViewController.swift */,
				32C679A91FBEC84100A99FF0 /* Params.swift */,
			);
			path = "网络";
			sourceTree = "<group>";
		};
		32C679A61FBD84ED00A99FF0 /* HttpTools */ = {
			isa = PBXGroup;
			children = (
				32C679A71FBD85CD00A99FF0 /* HttpManager.swift */,
			);
			path = HttpTools;
			sourceTree = "<group>";
		};
		32C679AB1FC268C100A99FF0 /* 容器类 */ = {
			isa = PBXGroup;
			children = (
				32C679AC1FC2692B00A99FF0 /* NSContainerViewController.swift */,
			);
			path = "容器类";
			sourceTree = "<group>";
		};
		32CD92CE2005F529009B93EA /* 自动布局 */ = {
			isa = PBXGroup;
			children = (
				32CD92CF2005F586009B93EA /* AutoLayoutController.swift */,
			);
			path = "自动布局";
			sourceTree = "<group>";
		};
		32CDA47A1FD62C7000BC1A08 /* 地图 */ = {
			isa = PBXGroup;
			children = (
				32CDA47D1FD62CC500BC1A08 /* BaseMapViewController.swift */,
			);
			path = "地图";
			sourceTree = "<group>";
		};
		32E19CE71E15124600B77504 /* 控制流 */ = {
			isa = PBXGroup;
			children = (
				32E19CE81E15127700B77504 /* FoWhileVC.swift */,
			);
			path = "控制流";
			sourceTree = "<group>";
		};
		783CE1AB432E9904C4F46E1D /* Pods */ = {
			isa = PBXGroup;
			children = (
				2FA66344CC4E5172EC316478 /* Pods-SwiftStudy.debug.xcconfig */,
				A0BEA5711B01AAD5A066B557 /* Pods-SwiftStudy.release.xcconfig */,
			);
			name = Pods;
			sourceTree = "<group>";
		};
/* End PBXGroup section */

/* Begin PBXNativeTarget section */
		32AF98CA1E135A0F00602DF6 /* SwiftStudy */ = {
			isa = PBXNativeTarget;
			buildConfigurationList = 32AF98DD1E135A0F00602DF6 /* Build configuration list for PBXNativeTarget "SwiftStudy" */;
			buildPhases = (
				0D85BE9FD40196DE7DA23271 /* [CP] Check Pods Manifest.lock */,
				32AF98C71E135A0F00602DF6 /* Sources */,
				32AF98C81E135A0F00602DF6 /* Frameworks */,
				32AF98C91E135A0F00602DF6 /* Resources */,
				43EB2F3422FD8D548FDAA75B /* [CP] Embed Pods Frameworks */,
			);
			buildRules = (
			);
			dependencies = (
			);
			name = SwiftStudy;
			productName = SwiftStudy;
			productReference = 32AF98CB1E135A0F00602DF6 /* SwiftStudy.app */;
			productType = "com.apple.product-type.application";
		};
/* End PBXNativeTarget section */

/* Begin PBXProject section */
		32AF98C31E135A0F00602DF6 /* Project object */ = {
			isa = PBXProject;
			attributes = {
				LastSwiftUpdateCheck = 0820;
				LastUpgradeCheck = 0820;
				ORGANIZATIONNAME = "陈海哥";
				TargetAttributes = {
					32AF98CA1E135A0F00602DF6 = {
						CreatedOnToolsVersion = 8.2;
						DevelopmentTeam = V9VJ5EQA22;
						ProvisioningStyle = Automatic;
					};
				};
			};
			buildConfigurationList = 32AF98C61E135A0F00602DF6 /* Build configuration list for PBXProject "SwiftStudy" */;
			compatibilityVersion = "Xcode 3.2";
			developmentRegion = English;
			hasScannedForEncodings = 0;
			knownRegions = (
				English,
				en,
				Base,
			);
			mainGroup = 32AF98C21E135A0F00602DF6;
			productRefGroup = 32AF98CC1E135A0F00602DF6 /* Products */;
			projectDirPath = "";
			projectRoot = "";
			targets = (
				32AF98CA1E135A0F00602DF6 /* SwiftStudy */,
			);
		};
/* End PBXProject section */

/* Begin PBXResourcesBuildPhase section */
		32AF98C91E135A0F00602DF6 /* Resources */ = {
			isa = PBXResourcesBuildPhase;
			buildActionMask = 2147483647;
			files = (
				32AF98D91E135A0F00602DF6 /* LaunchScreen.storyboard in Resources */,
				32AF98D61E135A0F00602DF6 /* Assets.xcassets in Resources */,
				325484B11E2F5D7F00043725 /* 通用图标.jpg in Resources */,
				326A089822FC200A00305055 /* test.mp4 in Resources */,
				32AF98D41E135A0F00602DF6 /* Main.storyboard in Resources */,
			);
			runOnlyForDeploymentPostprocessing = 0;
		};
/* End PBXResourcesBuildPhase section */

/* Begin PBXShellScriptBuildPhase section */
		0D85BE9FD40196DE7DA23271 /* [CP] Check Pods Manifest.lock */ = {
			isa = PBXShellScriptBuildPhase;
			buildActionMask = 2147483647;
			files = (
			);
			inputPaths = (
				"${PODS_PODFILE_DIR_PATH}/Podfile.lock",
				"${PODS_ROOT}/Manifest.lock",
			);
			name = "[CP] Check Pods Manifest.lock";
			outputPaths = (
				"$(DERIVED_FILE_DIR)/Pods-SwiftStudy-checkManifestLockResult.txt",
			);
			runOnlyForDeploymentPostprocessing = 0;
			shellPath = /bin/sh;
			shellScript = "diff \"${PODS_PODFILE_DIR_PATH}/Podfile.lock\" \"${PODS_ROOT}/Manifest.lock\" > /dev/null\nif [ $? != 0 ] ; then\n    # print error to STDERR\n    echo \"error: The sandbox is not in sync with the Podfile.lock. Run 'pod install' or update your CocoaPods installation.\" >&2\n    exit 1\nfi\n# This output is used by Xcode 'outputs' to avoid re-running this script phase.\necho \"SUCCESS\" > \"${SCRIPT_OUTPUT_FILE_0}\"\n";
			showEnvVarsInLog = 0;
		};
		43EB2F3422FD8D548FDAA75B /* [CP] Embed Pods Frameworks */ = {
			isa = PBXShellScriptBuildPhase;
			buildActionMask = 2147483647;
			files = (
			);
			inputPaths = (
				"${PODS_ROOT}/Target Support Files/Pods-SwiftStudy/Pods-SwiftStudy-frameworks.sh",
				"${BUILT_PRODUCTS_DIR}/Alamofire/Alamofire.framework",
				"${BUILT_PRODUCTS_DIR}/SnapKit/SnapKit.framework",
			);
			name = "[CP] Embed Pods Frameworks";
			outputPaths = (
				"${TARGET_BUILD_DIR}/${FRAMEWORKS_FOLDER_PATH}/Alamofire.framework",
				"${TARGET_BUILD_DIR}/${FRAMEWORKS_FOLDER_PATH}/SnapKit.framework",
			);
			runOnlyForDeploymentPostprocessing = 0;
			shellPath = /bin/sh;
			shellScript = "\"${PODS_ROOT}/Target Support Files/Pods-SwiftStudy/Pods-SwiftStudy-frameworks.sh\"\n";
			showEnvVarsInLog = 0;
		};
/* End PBXShellScriptBuildPhase section */

/* Begin PBXSourcesBuildPhase section */
		32AF98C71E135A0F00602DF6 /* Sources */ = {
			isa = PBXSourcesBuildPhase;
			buildActionMask = 2147483647;
			files = (
				325484AF1E2F545900043725 /* LBVC.swift in Sources */,
				32CD92D02005F586009B93EA /* AutoLayoutController.swift in Sources */,
				32C48488216D8F2800362840 /* CoredataManager.swift in Sources */,
				32C4847E216D899900362840 /* CoreDataController.swift in Sources */,
				32C679AD1FC2692B00A99FF0 /* NSContainerViewController.swift in Sources */,
				32C48485216D8E5700362840 /* CoredataTest+CoreDataClass.swift in Sources */,
				325484A31E2F435900043725 /* kvcPer.swift in Sources */,
				32E19CE91E15127700B77504 /* FoWhileVC.swift in Sources */,
				32C679AA1FBEC84100A99FF0 /* Params.swift in Sources */,
				325484B31E2F5DA800043725 /* ImageVC.swift in Sources */,
				328551C31F56874200D48E86 /* ViewController02.swift in Sources */,
				325484B71E30558A00043725 /* tableviewVC.swift in Sources */,
				32AF98D11E135A0F00602DF6 /* ViewController.swift in Sources */,
				32C48486216D8E5700362840 /* CoredataTest+CoreDataProperties.swift in Sources */,
				32C48482216D8A9500362840 /* SwiftCoreDataModel.xcdatamodeld in Sources */,
				328551B71F5501D200D48E86 /* CollectionviewController.swift in Sources */,
				32AF98E21E135A9500602DF6 /* BaseVc.swift in Sources */,
				32A971681E13A70D006D1E51 /* calculationsVC.swift in Sources */,
				325484BA1E305B4700043725 /* Cell01.swift in Sources */,
				328551BC1F5506D700D48E86 /* CollectionViewCell.swift in Sources */,
				326A089622FC0F8E00305055 /* VideoController.swift in Sources */,
				328551BF1F55380B00D48E86 /* emController.swift in Sources */,
				325484B51E2F5F4100043725 /* scrollVC.swift in Sources */,
				325484A11E2C5E9100043725 /* kvoBlickedVC.swift in Sources */,
				3209095F1FE2092F0076EEF2 /* AsyncViewController.swift in Sources */,
				32C679A81FBD85CD00A99FF0 /* HttpManager.swift in Sources */,
				32C679A51FBD84D200A99FF0 /* HttpViewController.swift in Sources */,
				32AF98CF1E135A0F00602DF6 /* AppDelegate.swift in Sources */,
				328551BA1F5502CE00D48E86 /* collectionLayout.swift in Sources */,
				32CDA47E1FD62CC500BC1A08 /* BaseMapViewController.swift in Sources */,
				32A9716B1E13C150006D1E51 /* BlockVC.swift in Sources */,
				325484A61E2F499700043725 /* functionVC.swift in Sources */,
				328551C11F5686DC00D48E86 /* TabBarController.swift in Sources */,
				325484AD1E2F4CE600043725 /* UIVC.swift in Sources */,
				32A9716E1E14B098006D1E51 /* ProNotifiVC.swift in Sources */,
			);
			runOnlyForDeploymentPostprocessing = 0;
		};
/* End PBXSourcesBuildPhase section */

/* Begin PBXVariantGroup section */
		32AF98D21E135A0F00602DF6 /* Main.storyboard */ = {
			isa = PBXVariantGroup;
			children = (
				32AF98D31E135A0F00602DF6 /* Base */,
			);
			name = Main.storyboard;
			sourceTree = "<group>";
		};
		32AF98D71E135A0F00602DF6 /* LaunchScreen.storyboard */ = {
			isa = PBXVariantGroup;
			children = (
				32AF98D81E135A0F00602DF6 /* Base */,
			);
			name = LaunchScreen.storyboard;
			sourceTree = "<group>";
		};
/* End PBXVariantGroup section */

/* Begin XCBuildConfiguration section */
		32AF98DB1E135A0F00602DF6 /* Debug */ = {
			isa = XCBuildConfiguration;
			buildSettings = {
				ALWAYS_SEARCH_USER_PATHS = NO;
				CLANG_ANALYZER_NONNULL = YES;
				CLANG_CXX_LANGUAGE_STANDARD = "gnu++0x";
				CLANG_CXX_LIBRARY = "libc++";
				CLANG_ENABLE_MODULES = YES;
				CLANG_ENABLE_OBJC_ARC = YES;
				CLANG_WARN_BOOL_CONVERSION = YES;
				CLANG_WARN_CONSTANT_CONVERSION = YES;
				CLANG_WARN_DIRECT_OBJC_ISA_USAGE = YES_ERROR;
				CLANG_WARN_DOCUMENTATION_COMMENTS = YES;
				CLANG_WARN_EMPTY_BODY = YES;
				CLANG_WARN_ENUM_CONVERSION = YES;
				CLANG_WARN_INFINITE_RECURSION = YES;
				CLANG_WARN_INT_CONVERSION = YES;
				CLANG_WARN_OBJC_ROOT_CLASS = YES_ERROR;
				CLANG_WARN_SUSPICIOUS_MOVE = YES;
				CLANG_WARN_UNREACHABLE_CODE = YES;
				CLANG_WARN__DUPLICATE_METHOD_MATCH = YES;
				"CODE_SIGN_IDENTITY[sdk=iphoneos*]" = "iPhone Developer";
				COPY_PHASE_STRIP = NO;
				DEBUG_INFORMATION_FORMAT = dwarf;
				ENABLE_STRICT_OBJC_MSGSEND = YES;
				ENABLE_TESTABILITY = YES;
				GCC_C_LANGUAGE_STANDARD = gnu99;
				GCC_DYNAMIC_NO_PIC = NO;
				GCC_NO_COMMON_BLOCKS = YES;
				GCC_OPTIMIZATION_LEVEL = 0;
				GCC_PREPROCESSOR_DEFINITIONS = (
					"DEBUG=1",
					"$(inherited)",
				);
				GCC_WARN_64_TO_32_BIT_CONVERSION = YES;
				GCC_WARN_ABOUT_RETURN_TYPE = YES_ERROR;
				GCC_WARN_UNDECLARED_SELECTOR = YES;
				GCC_WARN_UNINITIALIZED_AUTOS = YES_AGGRESSIVE;
				GCC_WARN_UNUSED_FUNCTION = YES;
				GCC_WARN_UNUSED_VARIABLE = YES;
				IPHONEOS_DEPLOYMENT_TARGET = 10.2;
				MTL_ENABLE_DEBUG_INFO = YES;
				ONLY_ACTIVE_ARCH = YES;
				SDKROOT = iphoneos;
				SWIFT_ACTIVE_COMPILATION_CONDITIONS = DEBUG;
				SWIFT_OPTIMIZATION_LEVEL = "-Onone";
				TARGETED_DEVICE_FAMILY = "1,2";
			};
			name = Debug;
		};
		32AF98DC1E135A0F00602DF6 /* Release */ = {
			isa = XCBuildConfiguration;
			buildSettings = {
				ALWAYS_SEARCH_USER_PATHS = NO;
				CLANG_ANALYZER_NONNULL = YES;
				CLANG_CXX_LANGUAGE_STANDARD = "gnu++0x";
				CLANG_CXX_LIBRARY = "libc++";
				CLANG_ENABLE_MODULES = YES;
				CLANG_ENABLE_OBJC_ARC = YES;
				CLANG_WARN_BOOL_CONVERSION = YES;
				CLANG_WARN_CONSTANT_CONVERSION = YES;
				CLANG_WARN_DIRECT_OBJC_ISA_USAGE = YES_ERROR;
				CLANG_WARN_DOCUMENTATION_COMMENTS = YES;
				CLANG_WARN_EMPTY_BODY = YES;
				CLANG_WARN_ENUM_CONVERSION = YES;
				CLANG_WARN_INFINITE_RECURSION = YES;
				CLANG_WARN_INT_CONVERSION = YES;
				CLANG_WARN_OBJC_ROOT_CLASS = YES_ERROR;
				CLANG_WARN_SUSPICIOUS_MOVE = YES;
				CLANG_WARN_UNREACHABLE_CODE = YES;
				CLANG_WARN__DUPLICATE_METHOD_MATCH = YES;
				"CODE_SIGN_IDENTITY[sdk=iphoneos*]" = "iPhone Developer";
				COPY_PHASE_STRIP = NO;
				DEBUG_INFORMATION_FORMAT = "dwarf-with-dsym";
				ENABLE_NS_ASSERTIONS = NO;
				ENABLE_STRICT_OBJC_MSGSEND = YES;
				GCC_C_LANGUAGE_STANDARD = gnu99;
				GCC_NO_COMMON_BLOCKS = YES;
				GCC_WARN_64_TO_32_BIT_CONVERSION = YES;
				GCC_WARN_ABOUT_RETURN_TYPE = YES_ERROR;
				GCC_WARN_UNDECLARED_SELECTOR = YES;
				GCC_WARN_UNINITIALIZED_AUTOS = YES_AGGRESSIVE;
				GCC_WARN_UNUSED_FUNCTION = YES;
				GCC_WARN_UNUSED_VARIABLE = YES;
				IPHONEOS_DEPLOYMENT_TARGET = 10.2;
				MTL_ENABLE_DEBUG_INFO = NO;
				SDKROOT = iphoneos;
				SWIFT_OPTIMIZATION_LEVEL = "-Owholemodule";
				TARGETED_DEVICE_FAMILY = "1,2";
				VALIDATE_PRODUCT = YES;
			};
			name = Release;
		};
		32AF98DE1E135A0F00602DF6 /* Debug */ = {
			isa = XCBuildConfiguration;
			baseConfigurationReference = 2FA66344CC4E5172EC316478 /* Pods-SwiftStudy.debug.xcconfig */;
			buildSettings = {
				ASSETCATALOG_COMPILER_APPICON_NAME = AppIcon;
				DEVELOPMENT_TEAM = V9VJ5EQA22;
				GCC_PRECOMPILE_PREFIX_HEADER = YES;
				INFOPLIST_FILE = SwiftStudy/Info.plist;
				IPHONEOS_DEPLOYMENT_TARGET = 10.0;
				LD_RUNPATH_SEARCH_PATHS = "$(inherited) @executable_path/Frameworks";
				PRODUCT_BUNDLE_IDENTIFIER = Cyhai.SwiftStudy;
				PRODUCT_NAME = "$(TARGET_NAME)";
				SWIFT_VERSION = 5.0;
			};
			name = Debug;
		};
		32AF98DF1E135A0F00602DF6 /* Release */ = {
			isa = XCBuildConfiguration;
			baseConfigurationReference = A0BEA5711B01AAD5A066B557 /* Pods-SwiftStudy.release.xcconfig */;
			buildSettings = {
				ASSETCATALOG_COMPILER_APPICON_NAME = AppIcon;
				DEVELOPMENT_TEAM = V9VJ5EQA22;
				GCC_PRECOMPILE_PREFIX_HEADER = YES;
				INFOPLIST_FILE = SwiftStudy/Info.plist;
				IPHONEOS_DEPLOYMENT_TARGET = 10.0;
				LD_RUNPATH_SEARCH_PATHS = "$(inherited) @executable_path/Frameworks";
				PRODUCT_BUNDLE_IDENTIFIER = Cyhai.SwiftStudy;
				PRODUCT_NAME = "$(TARGET_NAME)";
				SWIFT_VERSION = 5.0;
			};
			name = Release;
		};
/* End XCBuildConfiguration section */

/* Begin XCConfigurationList section */
		32AF98C61E135A0F00602DF6 /* Build configuration list for PBXProject "SwiftStudy" */ = {
			isa = XCConfigurationList;
			buildConfigurations = (
				32AF98DB1E135A0F00602DF6 /* Debug */,
				32AF98DC1E135A0F00602DF6 /* Release */,
			);
			defaultConfigurationIsVisible = 0;
			defaultConfigurationName = Release;
		};
		32AF98DD1E135A0F00602DF6 /* Build configuration list for PBXNativeTarget "SwiftStudy" */ = {
			isa = XCConfigurationList;
			buildConfigurations = (
				32AF98DE1E135A0F00602DF6 /* Debug */,
				32AF98DF1E135A0F00602DF6 /* Release */,
			);
			defaultConfigurationIsVisible = 0;
			defaultConfigurationName = Release;
		};
/* End XCConfigurationList section */

/* Begin XCVersionGroup section */
		32C48480216D8A9400362840 /* SwiftCoreDataModel.xcdatamodeld */ = {
			isa = XCVersionGroup;
			children = (
				32C48481216D8A9400362840 /* SwiftCoreDataModel.xcdatamodel */,
			);
			currentVersion = 32C48481216D8A9400362840 /* SwiftCoreDataModel.xcdatamodel */;
			path = SwiftCoreDataModel.xcdatamodeld;
			sourceTree = "<group>";
			versionGroupType = wrapper.xcdatamodel;
		};
/* End XCVersionGroup section */
	};
	rootObject = 32AF98C31E135A0F00602DF6 /* Project object */;
}
